{
  "name": "gamepage",
  "version": "0.1.0",
  "lockfileVersion": 1,
  "requires": true,
  "dependencies": {
    "importpackagejson": {
      "version": "0.1.0",
      "resolved": "https://registry.npmjs.org/importpackagejson/-/importpackagejson-0.1.0.tgz",
      "integrity": "sha512-moPD9L7xBeh1iBopYR/d1RaLlz4T1xSEtSIKtmbY/l6o1Eh7NmfHeQ1aDa3vhmTyF6NWbgos1kjy9rIMtwPwfA=="
    }
  }
}
